
Microsoft Visual Studio Solution File, Format Version 12.00
# Visual Studio Version 17
VisualStudioVersion = 17.4.33213.308
MinimumVisualStudioVersion = 10.0.40219.1
Project("{FAE04EC0-301F-11D3-BF4B-00C04F79EFBC}") = "HackerNews", "HackerNews\HackerNews.csproj", "{9C19AC2F-FF4A-4260-AC89-2AFA9E30D0EB}"
EndProject
Project("{FAE04EC0-301F-11D3-BF4B-00C04F79EFBC}") = "HackerNews.UnitTests", "HackerNews.UnitTests\HackerNews.UnitTests.csproj", "{8CE4982F-9748-43BC-90E3-140975010213}"
EndProject
Global
	GlobalSection(SolutionConfigurationPlatforms) = preSolution
		Debug|Any CPU = Debug|Any CPU
		Release|Any CPU = Release|Any CPU
	EndGlobalSection
	GlobalSection(ProjectConfigurationPlatforms) = postSolution
		{9C19AC2F-FF4A-4260-AC89-2AFA9E30D0EB}.Debug|Any CPU.ActiveCfg = Debug|Any CPU
		{9C19AC2F-FF4A-4260-AC89-2AFA9E30D0EB}.Debug|Any CPU.Build.0 = Debug|Any CPU
		{9C19AC2F-FF4A-4260-AC89-2AFA9E30D0EB}.Release|Any CPU.ActiveCfg = Release|Any CPU
		{9C19AC2F-FF4A-4260-AC89-2AFA9E30D0EB}.Release|Any CPU.Build.0 = Release|Any CPU
		{8CE4982F-9748-43BC-90E3-140975010213}.Debug|Any CPU.ActiveCfg = Debug|Any CPU
		{8CE4982F-9748-43BC-90E3-140975010213}.Debug|Any CPU.Build.0 = Debug|Any CPU
		{8CE4982F-9748-43BC-90E3-140975010213}.Release|Any CPU.ActiveCfg = Release|Any CPU
		{8CE4982F-9748-43BC-90E3-140975010213}.Release|Any CPU.Build.0 = Release|Any CPU
	EndGlobalSection
	GlobalSection(SolutionProperties) = preSolution
		HideSolutionNode = FALSE
	EndGlobalSection
	GlobalSection(ExtensibilityGlobals) = postSolution
		SolutionGuid = {6EB5B226-EB76-4547-92DF-84F4478C1E15}
	EndGlobalSection
EndGlobal
